
Microsoft Visual Studio Solution File, Format Version 12.00
# Visual Studio Version 17
VisualStudioVersion = 17.0.32112.339
MinimumVisualStudioVersion = 10.0.40219.1
Project("{FAE04EC0-301F-11D3-BF4B-00C04F79EFBC}") = "RainbowSchoolDataManagement", "RainbowSchoolDataManagement.csproj", "{FC591373-72E4-48B0-9A26-AD529BD1073C}"
EndProject
Global
	GlobalSection(SolutionConfigurationPlatforms) = preSolution
		Debug|Any CPU = Debug|Any CPU
		Release|Any CPU = Release|Any CPU
	EndGlobalSection
	GlobalSection(ProjectConfigurationPlatforms) = postSolution
		{FC591373-72E4-48B0-9A26-AD529BD1073C}.Debug|Any CPU.ActiveCfg = Debug|Any CPU
		{FC591373-72E4-48B0-9A26-AD529BD1073C}.Debug|Any CPU.Build.0 = Debug|Any CPU
		{FC591373-72E4-48B0-9A26-AD529BD1073C}.Release|Any CPU.ActiveCfg = Release|Any CPU
		{FC591373-72E4-48B0-9A26-AD529BD1073C}.Release|Any CPU.Build.0 = Release|Any CPU
	EndGlobalSection
	GlobalSection(SolutionProperties) = preSolution
		HideSolutionNode = FALSE
	EndGlobalSection
	GlobalSection(ExtensibilityGlobals) = postSolution
		SolutionGuid = {98DCDB90-914F-4D0D-B32A-D9BBB2B9FBBF}
	EndGlobalSection
EndGlobal
